
Microsoft Visual Studio Solution File, Format Version 11.00
# Visual Studio 2010
Project("{FAE04EC0-301F-11D3-BF4B-00C04F79EFBC}") = "ProcessCardDataManagerLibrary", "ProcessCardDataManagerLibrary\ProcessCardDataManagerLibrary.csproj", "{DACD984B-BA31-4951-9129-3403A2F3FF96}"
EndProject
Global
	GlobalSection(SolutionConfigurationPlatforms) = preSolution
		Debug|Any CPU = Debug|Any CPU
		Release|Any CPU = Release|Any CPU
	EndGlobalSection
	GlobalSection(ProjectConfigurationPlatforms) = postSolution
		{DACD984B-BA31-4951-9129-3403A2F3FF96}.Debug|Any CPU.ActiveCfg = Debug|Any CPU
		{DACD984B-BA31-4951-9129-3403A2F3FF96}.Debug|Any CPU.Build.0 = Debug|Any CPU
		{DACD984B-BA31-4951-9129-3403A2F3FF96}.Release|Any CPU.ActiveCfg = Release|Any CPU
		{DACD984B-BA31-4951-9129-3403A2F3FF96}.Release|Any CPU.Build.0 = Release|Any CPU
	EndGlobalSection
	GlobalSection(SolutionProperties) = preSolution
		HideSolutionNode = FALSE
	EndGlobalSection
EndGlobal
